// !$*UTF8*$!
{
	archiveVersion = 1;
	classes = {
	};
	objectVersion = 56;
	objects = {

/* Begin PBXBuildFile section */
		5E5D5604291E5E0A00F897A8 /* RebCalApp.swift in Sources */ = {isa = PBXBuildFile; fileRef = 5E5D5603291E5E0A00F897A8 /* RebCalApp.swift */; };
		5E5D5606291E5E0A00F897A8 /* MainView.swift in Sources */ = {isa = PBXBuildFile; fileRef = 5E5D5605291E5E0A00F897A8 /* MainView.swift */; };
		5E5D5608291E5E0B00F897A8 /* Assets.xcassets in Resources */ = {isa = PBXBuildFile; fileRef = 5E5D5607291E5E0B00F897A8 /* Assets.xcassets */; };
		5E5D560B291E5E0B00F897A8 /* Preview Assets.xcassets in Resources */ = {isa = PBXBuildFile; fileRef = 5E5D560A291E5E0B00F897A8 /* Preview Assets.xcassets */; };
		5E5D5615291E647C00F897A8 /* DashboardView.swift in Sources */ = {isa = PBXBuildFile; fileRef = 5E5D5614291E647C00F897A8 /* DashboardView.swift */; };
		5E5D5617291E64B000F897A8 /* CalculatorView.swift in Sources */ = {isa = PBXBuildFile; fileRef = 5E5D5616291E64B000F897A8 /* CalculatorView.swift */; };
		5E5D5619291E656100F897A8 /* AddNewPortfolioView.swift in Sources */ = {isa = PBXBuildFile; fileRef = 5E5D5618291E656100F897A8 /* AddNewPortfolioView.swift */; };
		5E5D561B291E658A00F897A8 /* SettingView.swift in Sources */ = {isa = PBXBuildFile; fileRef = 5E5D561A291E658A00F897A8 /* SettingView.swift */; };
		5E5D5621291FA30E00F897A8 /* AddAssetView.swift in Sources */ = {isa = PBXBuildFile; fileRef = 5E5D5620291FA30E00F897A8 /* AddAssetView.swift */; };
		5E5D56232925197200F897A8 /* AssetModel.swift in Sources */ = {isa = PBXBuildFile; fileRef = 5E5D56222925197200F897A8 /* AssetModel.swift */; };
/* End PBXBuildFile section */

/* Begin PBXFileReference section */
		5E5D5600291E5E0A00F897A8 /* RebCal.app */ = {isa = PBXFileReference; explicitFileType = wrapper.application; includeInIndex = 0; path = RebCal.app; sourceTree = BUILT_PRODUCTS_DIR; };
		5E5D5603291E5E0A00F897A8 /* RebCalApp.swift */ = {isa = PBXFileReference; lastKnownFileType = sourcecode.swift; path = RebCalApp.swift; sourceTree = "<group>"; };
		5E5D5605291E5E0A00F897A8 /* MainView.swift */ = {isa = PBXFileReference; lastKnownFileType = sourcecode.swift; path = MainView.swift; sourceTree = "<group>"; };
		5E5D5607291E5E0B00F897A8 /* Assets.xcassets */ = {isa = PBXFileReference; lastKnownFileType = folder.assetcatalog; path = Assets.xcassets; sourceTree = "<group>"; };
		5E5D560A291E5E0B00F897A8 /* Preview Assets.xcassets */ = {isa = PBXFileReference; lastKnownFileType = folder.assetcatalog; path = "Preview Assets.xcassets"; sourceTree = "<group>"; };
		5E5D5614291E647C00F897A8 /* DashboardView.swift */ = {isa = PBXFileReference; lastKnownFileType = sourcecode.swift; path = DashboardView.swift; sourceTree = "<group>"; };
		5E5D5616291E64B000F897A8 /* CalculatorView.swift */ = {isa = PBXFileReference; lastKnownFileType = sourcecode.swift; path = CalculatorView.swift; sourceTree = "<group>"; };
		5E5D5618291E656100F897A8 /* AddNewPortfolioView.swift */ = {isa = PBXFileReference; lastKnownFileType = sourcecode.swift; path = AddNewPortfolioView.swift; sourceTree = "<group>"; };
		5E5D561A291E658A00F897A8 /* SettingView.swift */ = {isa = PBXFileReference; lastKnownFileType = sourcecode.swift; path = SettingView.swift; sourceTree = "<group>"; };
		5E5D5620291FA30E00F897A8 /* AddAssetView.swift */ = {isa = PBXFileReference; lastKnownFileType = sourcecode.swift; path = AddAssetView.swift; sourceTree = "<group>"; };
		5E5D56222925197200F897A8 /* AssetModel.swift */ = {isa = PBXFileReference; lastKnownFileType = sourcecode.swift; path = AssetModel.swift; sourceTree = "<group>"; };
/* End PBXFileReference section */

/* Begin PBXFrameworksBuildPhase section */
		5E5D55FD291E5E0A00F897A8 /* Frameworks */ = {
			isa = PBXFrameworksBuildPhase;
			buildActionMask = 2147483647;
			files = (
			);
			runOnlyForDeploymentPostprocessing = 0;
		};
/* End PBXFrameworksBuildPhase section */

/* Begin PBXGroup section */
		5E5D55F7291E5E0A00F897A8 = {
			isa = PBXGroup;
			children = (
				5E5D5602291E5E0A00F897A8 /* RebCal */,
				5E5D5601291E5E0A00F897A8 /* Products */,
			);
			sourceTree = "<group>";
		};
		5E5D5601291E5E0A00F897A8 /* Products */ = {
			isa = PBXGroup;
			children = (
				5E5D5600291E5E0A00F897A8 /* RebCal.app */,
			);
			name = Products;
			sourceTree = "<group>";
		};
		5E5D5602291E5E0A00F897A8 /* RebCal */ = {
			isa = PBXGroup;
			children = (
				5E5D5613291E5FAE00F897A8 /* ViewModel */,
				5E5D5612291E5F9F00F897A8 /* Model */,
				5E5D5611291E5F9000F897A8 /* View */,
				5E5D5603291E5E0A00F897A8 /* RebCalApp.swift */,
				5E5D5607291E5E0B00F897A8 /* Assets.xcassets */,
				5E5D5609291E5E0B00F897A8 /* Preview Content */,
			);
			path = RebCal;
			sourceTree = "<group>";
		};
		5E5D5609291E5E0B00F897A8 /* Preview Content */ = {
			isa = PBXGroup;
			children = (
				5E5D560A291E5E0B00F897A8 /* Preview Assets.xcassets */,
			);
			path = "Preview Content";
			sourceTree = "<group>";
		};
		5E5D5611291E5F9000F897A8 /* View */ = {
			isa = PBXGroup;
			children = (
				5E5D5605291E5E0A00F897A8 /* MainView.swift */,
				5E5D5614291E647C00F897A8 /* DashboardView.swift */,
				5E5D5616291E64B000F897A8 /* CalculatorView.swift */,
				5E5D5618291E656100F897A8 /* AddNewPortfolioView.swift */,
				5E5D561A291E658A00F897A8 /* SettingView.swift */,
				5E5D5620291FA30E00F897A8 /* AddAssetView.swift */,
			);
			path = View;
			sourceTree = "<group>";
		};
		5E5D5612291E5F9F00F897A8 /* Model */ = {
			isa = PBXGroup;
			children = (
				5E5D56222925197200F897A8 /* AssetModel.swift */,
			);
			path = Model;
			sourceTree = "<group>";
		};
		5E5D5613291E5FAE00F897A8 /* ViewModel */ = {
			isa = PBXGroup;
			children = (
			);
			path = ViewModel;
			sourceTree = "<group>";
		};
/* End PBXGroup section */

/* Begin PBXNativeTarget section */
		5E5D55FF291E5E0A00F897A8 /* RebCal */ = {
			isa = PBXNativeTarget;
			buildConfigurationList = 5E5D560E291E5E0B00F897A8 /* Build configuration list for PBXNativeTarget "RebCal" */;
			buildPhases = (
				5E5D55FC291E5E0A00F897A8 /* Sources */,
				5E5D55FD291E5E0A00F897A8 /* Frameworks */,
				5E5D55FE291E5E0A00F897A8 /* Resources */,
			);
			buildRules = (
			);
			dependencies = (
			);
			name = RebCal;
			productName = RebCal;
			productReference = 5E5D5600291E5E0A00F897A8 /* RebCal.app */;
			productType = "com.apple.product-type.application";
		};
/* End PBXNativeTarget section */

/* Begin PBXProject section */
		5E5D55F8291E5E0A00F897A8 /* Project object */ = {
			isa = PBXProject;
			attributes = {
				BuildIndependentTargetsInParallel = 1;
				LastSwiftUpdateCheck = 1410;
				LastUpgradeCheck = 1410;
				TargetAttributes = {
					5E5D55FF291E5E0A00F897A8 = {
						CreatedOnToolsVersion = 14.1;
					};
				};
			};
			buildConfigurationList = 5E5D55FB291E5E0A00F897A8 /* Build configuration list for PBXProject "RebCal" */;
			compatibilityVersion = "Xcode 14.0";
			developmentRegion = en;
			hasScannedForEncodings = 0;
			knownRegions = (
				en,
				Base,
			);
			mainGroup = 5E5D55F7291E5E0A00F897A8;
			productRefGroup = 5E5D5601291E5E0A00F897A8 /* Products */;
			projectDirPath = "";
			projectRoot = "";
			targets = (
				5E5D55FF291E5E0A00F897A8 /* RebCal */,
			);
		};
/* End PBXProject section */

/* Begin PBXResourcesBuildPhase section */
		5E5D55FE291E5E0A00F897A8 /* Resources */ = {
			isa = PBXResourcesBuildPhase;
			buildActionMask = 2147483647;
			files = (
				5E5D560B291E5E0B00F897A8 /* Preview Assets.xcassets in Resources */,
				5E5D5608291E5E0B00F897A8 /* Assets.xcassets in Resources */,
			);
			runOnlyForDeploymentPostprocessing = 0;
		};
/* End PBXResourcesBuildPhase section */

/* Begin PBXSourcesBuildPhase section */
		5E5D55FC291E5E0A00F897A8 /* Sources */ = {
			isa = PBXSourcesBuildPhase;
			buildActionMask = 2147483647;
			files = (
				5E5D5621291FA30E00F897A8 /* AddAssetView.swift in Sources */,
				5E5D5617291E64B000F897A8 /* CalculatorView.swift in Sources */,
				5E5D5606291E5E0A00F897A8 /* MainView.swift in Sources */,
				5E5D5615291E647C00F897A8 /* DashboardView.swift in Sources */,
				5E5D56232925197200F897A8 /* AssetModel.swift in Sources */,
				5E5D561B291E658A00F897A8 /* SettingView.swift in Sources */,
				5E5D5619291E656100F897A8 /* AddNewPortfolioView.swift in Sources */,
				5E5D5604291E5E0A00F897A8 /* RebCalApp.swift in Sources */,
			);
			runOnlyForDeploymentPostprocessing = 0;
		};
/* End PBXSourcesBuildPhase section */

/* Begin XCBuildConfiguration section */
		5E5D560C291E5E0B00F897A8 /* Debug */ = {
			isa = XCBuildConfiguration;
			buildSettings = {
				ALWAYS_SEARCH_USER_PATHS = NO;
				CLANG_ANALYZER_NONNULL = YES;
				CLANG_ANALYZER_NUMBER_OBJECT_CONVERSION = YES_AGGRESSIVE;
				CLANG_CXX_LANGUAGE_STANDARD = "gnu++20";
				CLANG_ENABLE_MODULES = YES;
				CLANG_ENABLE_OBJC_ARC = YES;
				CLANG_ENABLE_OBJC_WEAK = YES;
				CLANG_WARN_BLOCK_CAPTURE_AUTORELEASING = YES;
				CLANG_WARN_BOOL_CONVERSION = YES;
				CLANG_WARN_COMMA = YES;
				CLANG_WARN_CONSTANT_CONVERSION = YES;
				CLANG_WARN_DEPRECATED_OBJC_IMPLEMENTATIONS = YES;
				CLANG_WARN_DIRECT_OBJC_ISA_USAGE = YES_ERROR;
				CLANG_WARN_DOCUMENTATION_COMMENTS = YES;
				CLANG_WARN_EMPTY_BODY = YES;
				CLANG_WARN_ENUM_CONVERSION = YES;
				CLANG_WARN_INFINITE_RECURSION = YES;
				CLANG_WARN_INT_CONVERSION = YES;
				CLANG_WARN_NON_LITERAL_NULL_CONVERSION = YES;
				CLANG_WARN_OBJC_IMPLICIT_RETAIN_SELF = YES;
				CLANG_WARN_OBJC_LITERAL_CONVERSION = YES;
				CLANG_WARN_OBJC_ROOT_CLASS = YES_ERROR;
				CLANG_WARN_QUOTED_INCLUDE_IN_FRAMEWORK_HEADER = YES;
				CLANG_WARN_RANGE_LOOP_ANALYSIS = YES;
				CLANG_WARN_STRICT_PROTOTYPES = YES;
				CLANG_WARN_SUSPICIOUS_MOVE = YES;
				CLANG_WARN_UNGUARDED_AVAILABILITY = YES_AGGRESSIVE;
				CLANG_WARN_UNREACHABLE_CODE = YES;
				CLANG_WARN__DUPLICATE_METHOD_MATCH = YES;
				COPY_PHASE_STRIP = NO;
				DEBUG_INFORMATION_FORMAT = dwarf;
				ENABLE_STRICT_OBJC_MSGSEND = YES;
				ENABLE_TESTABILITY = YES;
				GCC_C_LANGUAGE_STANDARD = gnu11;
				GCC_DYNAMIC_NO_PIC = NO;
				GCC_NO_COMMON_BLOCKS = YES;
				GCC_OPTIMIZATION_LEVEL = 0;
				GCC_PREPROCESSOR_DEFINITIONS = (
					"DEBUG=1",
					"$(inherited)",
				);
				GCC_WARN_64_TO_32_BIT_CONVERSION = YES;
				GCC_WARN_ABOUT_RETURN_TYPE = YES_ERROR;
				GCC_WARN_UNDECLARED_SELECTOR = YES;
				GCC_WARN_UNINITIALIZED_AUTOS = YES_AGGRESSIVE;
				GCC_WARN_UNUSED_FUNCTION = YES;
				GCC_WARN_UNUSED_VARIABLE = YES;
				IPHONEOS_DEPLOYMENT_TARGET = 16.1;
				MTL_ENABLE_DEBUG_INFO = INCLUDE_SOURCE;
				MTL_FAST_MATH = YES;
				ONLY_ACTIVE_ARCH = YES;
				SDKROOT = iphoneos;
				SWIFT_ACTIVE_COMPILATION_CONDITIONS = DEBUG;
				SWIFT_OPTIMIZATION_LEVEL = "-Onone";
			};
			name = Debug;
		};
		5E5D560D291E5E0B00F897A8 /* Release */ = {
			isa = XCBuildConfiguration;
			buildSettings = {
				ALWAYS_SEARCH_USER_PATHS = NO;
				CLANG_ANALYZER_NONNULL = YES;
				CLANG_ANALYZER_NUMBER_OBJECT_CONVERSION = YES_AGGRESSIVE;
				CLANG_CXX_LANGUAGE_STANDARD = "gnu++20";
				CLANG_ENABLE_MODULES = YES;
				CLANG_ENABLE_OBJC_ARC = YES;
				CLANG_ENABLE_OBJC_WEAK = YES;
				CLANG_WARN_BLOCK_CAPTURE_AUTORELEASING = YES;
				CLANG_WARN_BOOL_CONVERSION = YES;
				CLANG_WARN_COMMA = YES;
				CLANG_WARN_CONSTANT_CONVERSION = YES;
				CLANG_WARN_DEPRECATED_OBJC_IMPLEMENTATIONS = YES;
				CLANG_WARN_DIRECT_OBJC_ISA_USAGE = YES_ERROR;
				CLANG_WARN_DOCUMENTATION_COMMENTS = YES;
				CLANG_WARN_EMPTY_BODY = YES;
				CLANG_WARN_ENUM_CONVERSION = YES;
				CLANG_WARN_INFINITE_RECURSION = YES;
				CLANG_WARN_INT_CONVERSION = YES;
				CLANG_WARN_NON_LITERAL_NULL_CONVERSION = YES;
				CLANG_WARN_OBJC_IMPLICIT_RETAIN_SELF = YES;
				CLANG_WARN_OBJC_LITERAL_CONVERSION = YES;
				CLANG_WARN_OBJC_ROOT_CLASS = YES_ERROR;
				CLANG_WARN_QUOTED_INCLUDE_IN_FRAMEWORK_HEADER = YES;
				CLANG_WARN_RANGE_LOOP_ANALYSIS = YES;
				CLANG_WARN_STRICT_PROTOTYPES = YES;
				CLANG_WARN_SUSPICIOUS_MOVE = YES;
				CLANG_WARN_UNGUARDED_AVAILABILITY = YES_AGGRESSIVE;
				CLANG_WARN_UNREACHABLE_CODE = YES;
				CLANG_WARN__DUPLICATE_METHOD_MATCH = YES;
				COPY_PHASE_STRIP = NO;
				DEBUG_INFORMATION_FORMAT = "dwarf-with-dsym";
				ENABLE_NS_ASSERTIONS = NO;
				ENABLE_STRICT_OBJC_MSGSEND = YES;
				GCC_C_LANGUAGE_STANDARD = gnu11;
				GCC_NO_COMMON_BLOCKS = YES;
				GCC_WARN_64_TO_32_BIT_CONVERSION = YES;
				GCC_WARN_ABOUT_RETURN_TYPE = YES_ERROR;
				GCC_WARN_UNDECLARED_SELECTOR = YES;
				GCC_WARN_UNINITIALIZED_AUTOS = YES_AGGRESSIVE;
				GCC_WARN_UNUSED_FUNCTION = YES;
				GCC_WARN_UNUSED_VARIABLE = YES;
				IPHONEOS_DEPLOYMENT_TARGET = 16.1;
				MTL_ENABLE_DEBUG_INFO = NO;
				MTL_FAST_MATH = YES;
				SDKROOT = iphoneos;
				SWIFT_COMPILATION_MODE = wholemodule;
				SWIFT_OPTIMIZATION_LEVEL = "-O";
				VALIDATE_PRODUCT = YES;
			};
			name = Release;
		};
		5E5D560F291E5E0B00F897A8 /* Debug */ = {
			isa = XCBuildConfiguration;
			buildSettings = {
				ASSETCATALOG_COMPILER_APPICON_NAME = AppIcon;
				ASSETCATALOG_COMPILER_GLOBAL_ACCENT_COLOR_NAME = AccentColor;
				CODE_SIGN_STYLE = Automatic;
				CURRENT_PROJECT_VERSION = 1;
				DEVELOPMENT_ASSET_PATHS = "\"RebCal/Preview Content\"";
				DEVELOPMENT_TEAM = JJ3PT5QG4G;
				ENABLE_PREVIEWS = YES;
				GENERATE_INFOPLIST_FILE = YES;
				INFOPLIST_KEY_UIApplicationSceneManifest_Generation = YES;
				INFOPLIST_KEY_UIApplicationSupportsIndirectInputEvents = YES;
				INFOPLIST_KEY_UILaunchScreen_Generation = YES;
				INFOPLIST_KEY_UISupportedInterfaceOrientations_iPad = "UIInterfaceOrientationPortrait UIInterfaceOrientationPortraitUpsideDown UIInterfaceOrientationLandscapeLeft UIInterfaceOrientationLandscapeRight";
				INFOPLIST_KEY_UISupportedInterfaceOrientations_iPhone = "UIInterfaceOrientationPortrait UIInterfaceOrientationLandscapeLeft UIInterfaceOrientationLandscapeRight";
				LD_RUNPATH_SEARCH_PATHS = (
					"$(inherited)",
					"@executable_path/Frameworks",
				);
				MARKETING_VERSION = 1.0;
				PRODUCT_BUNDLE_IDENTIFIER = com.Skinike.RebCal;
				PRODUCT_NAME = "$(TARGET_NAME)";
				SWIFT_EMIT_LOC_STRINGS = YES;
				SWIFT_VERSION = 5.0;
				TARGETED_DEVICE_FAMILY = "1,2";
			};
			name = Debug;
		};
		5E5D5610291E5E0B00F897A8 /* Release */ = {
			isa = XCBuildConfiguration;
			buildSettings = {
				ASSETCATALOG_COMPILER_APPICON_NAME = AppIcon;
				ASSETCATALOG_COMPILER_GLOBAL_ACCENT_COLOR_NAME = AccentColor;
				CODE_SIGN_STYLE = Automatic;
				CURRENT_PROJECT_VERSION = 1;
				DEVELOPMENT_ASSET_PATHS = "\"RebCal/Preview Content\"";
				DEVELOPMENT_TEAM = JJ3PT5QG4G;
				ENABLE_PREVIEWS = YES;
				GENERATE_INFOPLIST_FILE = YES;
				INFOPLIST_KEY_UIApplicationSceneManifest_Generation = YES;
				INFOPLIST_KEY_UIApplicationSupportsIndirectInputEvents = YES;
				INFOPLIST_KEY_UILaunchScreen_Generation = YES;
				INFOPLIST_KEY_UISupportedInterfaceOrientations_iPad = "UIInterfaceOrientationPortrait UIInterfaceOrientationPortraitUpsideDown UIInterfaceOrientationLandscapeLeft UIInterfaceOrientationLandscapeRight";
				INFOPLIST_KEY_UISupportedInterfaceOrientations_iPhone = "UIInterfaceOrientationPortrait UIInterfaceOrientationLandscapeLeft UIInterfaceOrientationLandscapeRight";
				LD_RUNPATH_SEARCH_PATHS = (
					"$(inherited)",
					"@executable_path/Frameworks",
				);
				MARKETING_VERSION = 1.0;
				PRODUCT_BUNDLE_IDENTIFIER = com.Skinike.RebCal;
				PRODUCT_NAME = "$(TARGET_NAME)";
				SWIFT_EMIT_LOC_STRINGS = YES;
				SWIFT_VERSION = 5.0;
				TARGETED_DEVICE_FAMILY = "1,2";
			};
			name = Release;
		};
/* End XCBuildConfiguration section */

/* Begin XCConfigurationList section */
		5E5D55FB291E5E0A00F897A8 /* Build configuration list for PBXProject "RebCal" */ = {
			isa = XCConfigurationList;
			buildConfigurations = (
				5E5D560C291E5E0B00F897A8 /* Debug */,
				5E5D560D291E5E0B00F897A8 /* Release */,
			);
			defaultConfigurationIsVisible = 0;
			defaultConfigurationName = Release;
		};
		5E5D560E291E5E0B00F897A8 /* Build configuration list for PBXNativeTarget "RebCal" */ = {
			isa = XCConfigurationList;
			buildConfigurations = (
				5E5D560F291E5E0B00F897A8 /* Debug */,
				5E5D5610291E5E0B00F897A8 /* Release */,
			);
			defaultConfigurationIsVisible = 0;
			defaultConfigurationName = Release;
		};
/* End XCConfigurationList section */
	};
	rootObject = 5E5D55F8291E5E0A00F897A8 /* Project object */;
}
